
Microsoft Visual Studio Solution File, Format Version 12.00
# Visual Studio 15
VisualStudioVersion = 15.0.28010.2050
MinimumVisualStudioVersion = 10.0.40219.1
Project("{FAE04EC0-301F-11D3-BF4B-00C04F79EFBC}") = "Hello world", "Hello world\Hello world.csproj", "{A4670367-61D2-49A3-B3DA-4CA24E902649}"
EndProject
Global
	GlobalSection(SolutionConfigurationPlatforms) = preSolution
		Debug|Any CPU = Debug|Any CPU
		Release|Any CPU = Release|Any CPU
	EndGlobalSection
	GlobalSection(ProjectConfigurationPlatforms) = postSolution
		{A4670367-61D2-49A3-B3DA-4CA24E902649}.Debug|Any CPU.ActiveCfg = Debug|Any CPU
		{A4670367-61D2-49A3-B3DA-4CA24E902649}.Debug|Any CPU.Build.0 = Debug|Any CPU
		{A4670367-61D2-49A3-B3DA-4CA24E902649}.Release|Any CPU.ActiveCfg = Release|Any CPU
		{A4670367-61D2-49A3-B3DA-4CA24E902649}.Release|Any CPU.Build.0 = Release|Any CPU
	EndGlobalSection
	GlobalSection(SolutionProperties) = preSolution
		HideSolutionNode = FALSE
	EndGlobalSection
	GlobalSection(ExtensibilityGlobals) = postSolution
		SolutionGuid = {03FE5016-7A28-402E-B413-66B46E76C8B7}
	EndGlobalSection
EndGlobal
