
Microsoft Visual Studio Solution File, Format Version 12.00
# Visual Studio 15
VisualStudioVersion = 15.0.28010.2050
MinimumVisualStudioVersion = 10.0.40219.1
Project("{FAE04EC0-301F-11D3-BF4B-00C04F79EFBC}") = "hello world", "hello world\hello world.csproj", "{3D273FE4-F3D5-46C7-9571-776E826D4B32}"
EndProject
Global
	GlobalSection(SolutionConfigurationPlatforms) = preSolution
		Debug|Any CPU = Debug|Any CPU
		Release|Any CPU = Release|Any CPU
	EndGlobalSection
	GlobalSection(ProjectConfigurationPlatforms) = postSolution
		{3D273FE4-F3D5-46C7-9571-776E826D4B32}.Debug|Any CPU.ActiveCfg = Debug|Any CPU
		{3D273FE4-F3D5-46C7-9571-776E826D4B32}.Debug|Any CPU.Build.0 = Debug|Any CPU
		{3D273FE4-F3D5-46C7-9571-776E826D4B32}.Release|Any CPU.ActiveCfg = Release|Any CPU
		{3D273FE4-F3D5-46C7-9571-776E826D4B32}.Release|Any CPU.Build.0 = Release|Any CPU
	EndGlobalSection
	GlobalSection(SolutionProperties) = preSolution
		HideSolutionNode = FALSE
	EndGlobalSection
	GlobalSection(ExtensibilityGlobals) = postSolution
		SolutionGuid = {C6D6F9FE-F310-490C-8FA2-712C799754D4}
	EndGlobalSection
EndGlobal
