
Microsoft Visual Studio Solution File, Format Version 12.00
# Visual Studio 15
VisualStudioVersion = 15.0.28010.2050
MinimumVisualStudioVersion = 10.0.40219.1
Project("{FAE04EC0-301F-11D3-BF4B-00C04F79EFBC}") = "WindowsFormsApp1", "WindowsFormsApp1\WindowsFormsApp1.csproj", "{048A2E9B-3849-460E-BFD3-ED1E6642346D}"
EndProject
Global
	GlobalSection(SolutionConfigurationPlatforms) = preSolution
		Debug|Any CPU = Debug|Any CPU
		Release|Any CPU = Release|Any CPU
	EndGlobalSection
	GlobalSection(ProjectConfigurationPlatforms) = postSolution
		{048A2E9B-3849-460E-BFD3-ED1E6642346D}.Debug|Any CPU.ActiveCfg = Debug|Any CPU
		{048A2E9B-3849-460E-BFD3-ED1E6642346D}.Debug|Any CPU.Build.0 = Debug|Any CPU
		{048A2E9B-3849-460E-BFD3-ED1E6642346D}.Release|Any CPU.ActiveCfg = Release|Any CPU
		{048A2E9B-3849-460E-BFD3-ED1E6642346D}.Release|Any CPU.Build.0 = Release|Any CPU
	EndGlobalSection
	GlobalSection(SolutionProperties) = preSolution
		HideSolutionNode = FALSE
	EndGlobalSection
	GlobalSection(ExtensibilityGlobals) = postSolution
		SolutionGuid = {6F100A05-431A-4924-B25C-55ED3A350D32}
	EndGlobalSection
EndGlobal
