
Microsoft Visual Studio Solution File, Format Version 12.00
# Visual Studio 15
VisualStudioVersion = 15.0.28010.2050
MinimumVisualStudioVersion = 10.0.40219.1
Project("{FAE04EC0-301F-11D3-BF4B-00C04F79EFBC}") = "Revision Example 2", "Revision Example 2\Revision Example 2.csproj", "{7845E2F6-CC13-4C93-B804-8C0E1F8F55F8}"
EndProject
Global
	GlobalSection(SolutionConfigurationPlatforms) = preSolution
		Debug|Any CPU = Debug|Any CPU
		Release|Any CPU = Release|Any CPU
	EndGlobalSection
	GlobalSection(ProjectConfigurationPlatforms) = postSolution
		{7845E2F6-CC13-4C93-B804-8C0E1F8F55F8}.Debug|Any CPU.ActiveCfg = Debug|Any CPU
		{7845E2F6-CC13-4C93-B804-8C0E1F8F55F8}.Debug|Any CPU.Build.0 = Debug|Any CPU
		{7845E2F6-CC13-4C93-B804-8C0E1F8F55F8}.Release|Any CPU.ActiveCfg = Release|Any CPU
		{7845E2F6-CC13-4C93-B804-8C0E1F8F55F8}.Release|Any CPU.Build.0 = Release|Any CPU
	EndGlobalSection
	GlobalSection(SolutionProperties) = preSolution
		HideSolutionNode = FALSE
	EndGlobalSection
	GlobalSection(ExtensibilityGlobals) = postSolution
		SolutionGuid = {A7102079-AD40-472A-A6AE-3829B01EC06D}
	EndGlobalSection
EndGlobal
